// !$*UTF8*$!
{
	archiveVersion = 1;
	classes = {
	};
	objectVersion = 46;
	objects = {

/* Begin PBXBuildFile section */
		10E57D7E04DA5B0A260C411F /* Pods_MinterCore_Tests.framework in Frameworks */ = {isa = PBXBuildFile; fileRef = 8D532B52B70A62D18FEC5873 /* Pods_MinterCore_Tests.framework */; };
		607FACD61AFB9204008FA782 /* AppDelegate.swift in Sources */ = {isa = PBXBuildFile; fileRef = 607FACD51AFB9204008FA782 /* AppDelegate.swift */; };
		607FACD81AFB9204008FA782 /* ViewController.swift in Sources */ = {isa = PBXBuildFile; fileRef = 607FACD71AFB9204008FA782 /* ViewController.swift */; };
		607FACDB1AFB9204008FA782 /* Main.storyboard in Resources */ = {isa = PBXBuildFile; fileRef = 607FACD91AFB9204008FA782 /* Main.storyboard */; };
		607FACDD1AFB9204008FA782 /* Images.xcassets in Resources */ = {isa = PBXBuildFile; fileRef = 607FACDC1AFB9204008FA782 /* Images.xcassets */; };
		607FACE01AFB9204008FA782 /* LaunchScreen.xib in Resources */ = {isa = PBXBuildFile; fileRef = 607FACDE1AFB9204008FA782 /* LaunchScreen.xib */; };
		A44E0E2E6FBE9017DCCB03EF /* Pods_MinterCore_Example.framework in Frameworks */ = {isa = PBXBuildFile; fileRef = 7CDCB773C91F4D68FC6055A3 /* Pods_MinterCore_Example.framework */; };
		FA0E82682178822400883B67 /* CheckBookViewController.swift in Sources */ = {isa = PBXBuildFile; fileRef = FA0E82672178822400883B67 /* CheckBookViewController.swift */; };
		FA0E826C2179EA5600883B67 /* CoinerViewController.swift in Sources */ = {isa = PBXBuildFile; fileRef = FA0E826B2179EA5600883B67 /* CoinerViewController.swift */; };
		FA101E3321BFCF1900DB1D3A /* SellCoinRawTransactionTests.swift in Sources */ = {isa = PBXBuildFile; fileRef = FA101E3221BFCF1900DB1D3A /* SellCoinRawTransactionTests.swift */; };
		FA101E3521BFF3F500DB1D3A /* BuyCoinRawTransactionTests.swift in Sources */ = {isa = PBXBuildFile; fileRef = FA101E3421BFF3F500DB1D3A /* BuyCoinRawTransactionTests.swift */; };
		FA101E3821C1118600DB1D3A /* RawTransactionTests.swift in Sources */ = {isa = PBXBuildFile; fileRef = FA101E3721C1118600DB1D3A /* RawTransactionTests.swift */; };
		FA101E3A21C29DAC00DB1D3A /* AddressTransformerTests.swift in Sources */ = {isa = PBXBuildFile; fileRef = FA101E3921C29DAC00DB1D3A /* AddressTransformerTests.swift */; };
		FA101E3C21C2A46500DB1D3A /* Base58Tests.swift in Sources */ = {isa = PBXBuildFile; fileRef = FA101E3B21C2A46500DB1D3A /* Base58Tests.swift */; };
		FA13691621708F9A00CB74BE /* WalletViewController.swift in Sources */ = {isa = PBXBuildFile; fileRef = FA13691521708F9A00CB74BE /* WalletViewController.swift */; };
		FA13691821709F3200CB74BE /* Session.swift in Sources */ = {isa = PBXBuildFile; fileRef = FA13691721709F3200CB74BE /* Session.swift */; };
		FA17817521F20DCE00FECDED /* BlockManagerTests.swift in Sources */ = {isa = PBXBuildFile; fileRef = FA17817421F20DCE00FECDED /* BlockManagerTests.swift */; };
		FA17817921F2180700FECDED /* EventManagerTests.swift in Sources */ = {isa = PBXBuildFile; fileRef = FA17817821F2180700FECDED /* EventManagerTests.swift */; };
		FA1835A4220D119900310CAF /* BaseViewController.swift in Sources */ = {isa = PBXBuildFile; fileRef = FA1835A3220D119900310CAF /* BaseViewController.swift */; };
		FA197B1A21EA197F00264CE6 /* Tests.swift in Sources */ = {isa = PBXBuildFile; fileRef = 607FACEB1AFB9204008FA782 /* Tests.swift */; };
		FA197B1E21EB26B600264CE6 /* EditCandidateRawTransactionTests.swift in Sources */ = {isa = PBXBuildFile; fileRef = FA197B1D21EB26B600264CE6 /* EditCandidateRawTransactionTests.swift */; };
		FA2148E3228DB10200E54E51 /* CKMnemonicsTests.swift in Sources */ = {isa = PBXBuildFile; fileRef = FA2148E1228D9A7300E54E51 /* CKMnemonicsTests.swift */; };
		FA2568E0213954A000D56BD4 /* TransactionDataTests.swift in Sources */ = {isa = PBXBuildFile; fileRef = FA2568DF213954A000D56BD4 /* TransactionDataTests.swift */; };
		FA3E6A99241EB94300C446A8 /* DeeplinkManagerTests.swift in Sources */ = {isa = PBXBuildFile; fileRef = FA3E6A98241EB94300C446A8 /* DeeplinkManagerTests.swift */; };
		FA4638FA21C7A1CC001846D9 /* SendCoinRawTransactionTests.swift in Sources */ = {isa = PBXBuildFile; fileRef = FA4638F921C7A1CC001846D9 /* SendCoinRawTransactionTests.swift */; };
		FA4638FC21C7B64E001846D9 /* IssueCheckRawTransactionTests.swift in Sources */ = {isa = PBXBuildFile; fileRef = FA4638FB21C7B64E001846D9 /* IssueCheckRawTransactionTests.swift */; };
		FA4638FE21C7DAFC001846D9 /* RedeemCheckRawTransactionTests.swift in Sources */ = {isa = PBXBuildFile; fileRef = FA4638FD21C7DAFC001846D9 /* RedeemCheckRawTransactionTests.swift */; };
		FA46391221CA843E001846D9 /* AccountManagerTests.swift in Sources */ = {isa = PBXBuildFile; fileRef = FA46391121CA843E001846D9 /* AccountManagerTests.swift */; };
		FA46391421CA8CF4001846D9 /* CandidateManagerTests.swift in Sources */ = {isa = PBXBuildFile; fileRef = FA46391321CA8CF4001846D9 /* CandidateManagerTests.swift */; };
		FA46391621CAA048001846D9 /* CoinManagerTests.swift in Sources */ = {isa = PBXBuildFile; fileRef = FA46391521CAA048001846D9 /* CoinManagerTests.swift */; };
		FA46391821CB8BAB001846D9 /* StatusManagerTests.swift in Sources */ = {isa = PBXBuildFile; fileRef = FA46391721CB8BAB001846D9 /* StatusManagerTests.swift */; };
		FA46391A21CB8DB2001846D9 /* ManagerDefaultTests.swift in Sources */ = {isa = PBXBuildFile; fileRef = FA46391921CB8DB2001846D9 /* ManagerDefaultTests.swift */; };
		FA46391C21CB8EA6001846D9 /* TransactionManagerTests.swift in Sources */ = {isa = PBXBuildFile; fileRef = FA46391B21CB8EA6001846D9 /* TransactionManagerTests.swift */; };
		FA46391E21CBA04A001846D9 /* ValidatorManagerTests.swift in Sources */ = {isa = PBXBuildFile; fileRef = FA46391D21CBA04A001846D9 /* ValidatorManagerTests.swift */; };
		FA46392021CBA226001846D9 /* CreateCoinRawTransactionTests.swift in Sources */ = {isa = PBXBuildFile; fileRef = FA46391F21CBA226001846D9 /* CreateCoinRawTransactionTests.swift */; };
		FA46392221CBC47F001846D9 /* DelegateRawTransactionTests.swift in Sources */ = {isa = PBXBuildFile; fileRef = FA46392121CBC47F001846D9 /* DelegateRawTransactionTests.swift */; };
		FA46392421CBCE87001846D9 /* UnbondRawTransactionTests.swift in Sources */ = {isa = PBXBuildFile; fileRef = FA46392321CBCE87001846D9 /* UnbondRawTransactionTests.swift */; };
		FA46392621CBDB48001846D9 /* DeclareCandidacyRawTransactionTests.swift in Sources */ = {isa = PBXBuildFile; fileRef = FA46392521CBDB48001846D9 /* DeclareCandidacyRawTransactionTests.swift */; };
		FA46392821CBF804001846D9 /* SetCandidateRawTransactionTests.swift in Sources */ = {isa = PBXBuildFile; fileRef = FA46392721CBF804001846D9 /* SetCandidateRawTransactionTests.swift */; };
		FA47CCA921382FC1009C3F4B /* CoinTests.swift in Sources */ = {isa = PBXBuildFile; fileRef = FA47CCA52138209D009C3F4B /* CoinTests.swift */; };
		FA47D27721397FD7001A3E2F /* RawTransactionSignerTests.swift in Sources */ = {isa = PBXBuildFile; fileRef = FA47D27621397FD7001A3E2F /* RawTransactionSignerTests.swift */; };
		FA47D27A213980AF001A3E2F /* StringTests.swift in Sources */ = {isa = PBXBuildFile; fileRef = FA47D279213980AF001A3E2F /* StringTests.swift */; };
		FA8027F6218C636000474A69 /* RLPTests.swift in Sources */ = {isa = PBXBuildFile; fileRef = FA8027F5218C636000474A69 /* RLPTests.swift */; };
		FA9BE30F21402EDD002160F3 /* PrivateKeyTests.swift in Sources */ = {isa = PBXBuildFile; fileRef = FA9BE30E21402EDD002160F3 /* PrivateKeyTests.swift */; };
		FACB437D2179FF04004D0C53 /* MasternodeViewController.swift in Sources */ = {isa = PBXBuildFile; fileRef = FACB437C2179FF04004D0C53 /* MasternodeViewController.swift */; };
		FACB437F217F2486004D0C53 /* DelegateViewController.swift in Sources */ = {isa = PBXBuildFile; fileRef = FACB437E217F2486004D0C53 /* DelegateViewController.swift */; };
		FAE621FE2410E2820040BE4C /* MultisigRawTransactionTests.swift in Sources */ = {isa = PBXBuildFile; fileRef = FAE621FD2410E2820040BE4C /* MultisigRawTransactionTests.swift */; };
		FAFCC7942139437E00955258 /* TransactionTests.swift in Sources */ = {isa = PBXBuildFile; fileRef = FA47CCAA21383BEA009C3F4B /* TransactionTests.swift */; };
/* End PBXBuildFile section */

/* Begin PBXContainerItemProxy section */
		607FACE61AFB9204008FA782 /* PBXContainerItemProxy */ = {
			isa = PBXContainerItemProxy;
			containerPortal = 607FACC81AFB9204008FA782 /* Project object */;
			proxyType = 1;
			remoteGlobalIDString = 607FACCF1AFB9204008FA782;
			remoteInfo = MinterCore;
		};
/* End PBXContainerItemProxy section */

/* Begin PBXFileReference section */
		453C4C76522E6135DF002514 /* Pods-MinterCore_Tests.debug.xcconfig */ = {isa = PBXFileReference; includeInIndex = 1; lastKnownFileType = text.xcconfig; name = "Pods-MinterCore_Tests.debug.xcconfig"; path = "Pods/Target Support Files/Pods-MinterCore_Tests/Pods-MinterCore_Tests.debug.xcconfig"; sourceTree = "<group>"; };
		49C96EB7420EBD752480CF4F /* MinterCore.podspec */ = {isa = PBXFileReference; includeInIndex = 1; lastKnownFileType = text; name = MinterCore.podspec; path = ../MinterCore.podspec; sourceTree = "<group>"; xcLanguageSpecificationIdentifier = xcode.lang.ruby; };
		4CAC886523B8AA687258A068 /* Pods-MinterCore_Example.release.xcconfig */ = {isa = PBXFileReference; includeInIndex = 1; lastKnownFileType = text.xcconfig; name = "Pods-MinterCore_Example.release.xcconfig"; path = "Pods/Target Support Files/Pods-MinterCore_Example/Pods-MinterCore_Example.release.xcconfig"; sourceTree = "<group>"; };
		607FACD01AFB9204008FA782 /* MinterCore_Example.app */ = {isa = PBXFileReference; explicitFileType = wrapper.application; includeInIndex = 0; path = MinterCore_Example.app; sourceTree = BUILT_PRODUCTS_DIR; };
		607FACD41AFB9204008FA782 /* Info.plist */ = {isa = PBXFileReference; lastKnownFileType = text.plist.xml; path = Info.plist; sourceTree = "<group>"; };
		607FACD51AFB9204008FA782 /* AppDelegate.swift */ = {isa = PBXFileReference; lastKnownFileType = sourcecode.swift; path = AppDelegate.swift; sourceTree = "<group>"; };
		607FACD71AFB9204008FA782 /* ViewController.swift */ = {isa = PBXFileReference; lastKnownFileType = sourcecode.swift; path = ViewController.swift; sourceTree = "<group>"; };
		607FACDA1AFB9204008FA782 /* Base */ = {isa = PBXFileReference; lastKnownFileType = file.storyboard; name = Base; path = Base.lproj/Main.storyboard; sourceTree = "<group>"; };
		607FACDC1AFB9204008FA782 /* Images.xcassets */ = {isa = PBXFileReference; lastKnownFileType = folder.assetcatalog; path = Images.xcassets; sourceTree = "<group>"; };
		607FACDF1AFB9204008FA782 /* Base */ = {isa = PBXFileReference; lastKnownFileType = file.xib; name = Base; path = Base.lproj/LaunchScreen.xib; sourceTree = "<group>"; };
		607FACE51AFB9204008FA782 /* MinterCore_Tests.xctest */ = {isa = PBXFileReference; explicitFileType = wrapper.cfbundle; includeInIndex = 0; path = MinterCore_Tests.xctest; sourceTree = BUILT_PRODUCTS_DIR; };
		607FACEA1AFB9204008FA782 /* Info.plist */ = {isa = PBXFileReference; lastKnownFileType = text.plist.xml; path = Info.plist; sourceTree = "<group>"; };
		607FACEB1AFB9204008FA782 /* Tests.swift */ = {isa = PBXFileReference; lastKnownFileType = sourcecode.swift; path = Tests.swift; sourceTree = "<group>"; };
		7CDCB773C91F4D68FC6055A3 /* Pods_MinterCore_Example.framework */ = {isa = PBXFileReference; explicitFileType = wrapper.framework; includeInIndex = 0; path = Pods_MinterCore_Example.framework; sourceTree = BUILT_PRODUCTS_DIR; };
		8D532B52B70A62D18FEC5873 /* Pods_MinterCore_Tests.framework */ = {isa = PBXFileReference; explicitFileType = wrapper.framework; includeInIndex = 0; path = Pods_MinterCore_Tests.framework; sourceTree = BUILT_PRODUCTS_DIR; };
		B8E976E3943798AB7EB31695 /* Pods-MinterCore_Tests.release.xcconfig */ = {isa = PBXFileReference; includeInIndex = 1; lastKnownFileType = text.xcconfig; name = "Pods-MinterCore_Tests.release.xcconfig"; path = "Pods/Target Support Files/Pods-MinterCore_Tests/Pods-MinterCore_Tests.release.xcconfig"; sourceTree = "<group>"; };
		D443E00DF73BE45E86780192 /* LICENSE */ = {isa = PBXFileReference; includeInIndex = 1; lastKnownFileType = text; name = LICENSE; path = ../LICENSE; sourceTree = "<group>"; };
		D55742130B59EFAA8B1922A5 /* Pods-MinterCore_Example.debug.xcconfig */ = {isa = PBXFileReference; includeInIndex = 1; lastKnownFileType = text.xcconfig; name = "Pods-MinterCore_Example.debug.xcconfig"; path = "Pods/Target Support Files/Pods-MinterCore_Example/Pods-MinterCore_Example.debug.xcconfig"; sourceTree = "<group>"; };
		F3135CCB8FE48DFDCBBAA5BF /* README.md */ = {isa = PBXFileReference; includeInIndex = 1; lastKnownFileType = net.daringfireball.markdown; name = README.md; path = ../README.md; sourceTree = "<group>"; };
		FA0E82672178822400883B67 /* CheckBookViewController.swift */ = {isa = PBXFileReference; lastKnownFileType = sourcecode.swift; path = CheckBookViewController.swift; sourceTree = "<group>"; };
		FA0E826B2179EA5600883B67 /* CoinerViewController.swift */ = {isa = PBXFileReference; lastKnownFileType = sourcecode.swift; path = CoinerViewController.swift; sourceTree = "<group>"; };
		FA101E3221BFCF1900DB1D3A /* SellCoinRawTransactionTests.swift */ = {isa = PBXFileReference; lastKnownFileType = sourcecode.swift; path = SellCoinRawTransactionTests.swift; sourceTree = "<group>"; };
		FA101E3421BFF3F500DB1D3A /* BuyCoinRawTransactionTests.swift */ = {isa = PBXFileReference; lastKnownFileType = sourcecode.swift; path = BuyCoinRawTransactionTests.swift; sourceTree = "<group>"; };
		FA101E3721C1118600DB1D3A /* RawTransactionTests.swift */ = {isa = PBXFileReference; lastKnownFileType = sourcecode.swift; path = RawTransactionTests.swift; sourceTree = "<group>"; };
		FA101E3921C29DAC00DB1D3A /* AddressTransformerTests.swift */ = {isa = PBXFileReference; lastKnownFileType = sourcecode.swift; path = AddressTransformerTests.swift; sourceTree = "<group>"; };
		FA101E3B21C2A46500DB1D3A /* Base58Tests.swift */ = {isa = PBXFileReference; lastKnownFileType = sourcecode.swift; path = Base58Tests.swift; sourceTree = "<group>"; };
		FA13691521708F9A00CB74BE /* WalletViewController.swift */ = {isa = PBXFileReference; lastKnownFileType = sourcecode.swift; path = WalletViewController.swift; sourceTree = "<group>"; };
		FA13691721709F3200CB74BE /* Session.swift */ = {isa = PBXFileReference; lastKnownFileType = sourcecode.swift; path = Session.swift; sourceTree = "<group>"; };
		FA17817421F20DCE00FECDED /* BlockManagerTests.swift */ = {isa = PBXFileReference; lastKnownFileType = sourcecode.swift; path = BlockManagerTests.swift; sourceTree = "<group>"; };
		FA17817821F2180700FECDED /* EventManagerTests.swift */ = {isa = PBXFileReference; lastKnownFileType = sourcecode.swift; path = EventManagerTests.swift; sourceTree = "<group>"; };
		FA1835A3220D119900310CAF /* BaseViewController.swift */ = {isa = PBXFileReference; lastKnownFileType = sourcecode.swift; path = BaseViewController.swift; sourceTree = "<group>"; };
		FA197B1D21EB26B600264CE6 /* EditCandidateRawTransactionTests.swift */ = {isa = PBXFileReference; lastKnownFileType = sourcecode.swift; path = EditCandidateRawTransactionTests.swift; sourceTree = "<group>"; };
		FA2148E1228D9A7300E54E51 /* CKMnemonicsTests.swift */ = {isa = PBXFileReference; lastKnownFileType = sourcecode.swift; path = CKMnemonicsTests.swift; sourceTree = "<group>"; };
		FA2568DF213954A000D56BD4 /* TransactionDataTests.swift */ = {isa = PBXFileReference; lastKnownFileType = sourcecode.swift; path = TransactionDataTests.swift; sourceTree = "<group>"; };
		FA3E6A98241EB94300C446A8 /* DeeplinkManagerTests.swift */ = {isa = PBXFileReference; lastKnownFileType = sourcecode.swift; path = DeeplinkManagerTests.swift; sourceTree = "<group>"; };
		FA4638F921C7A1CC001846D9 /* SendCoinRawTransactionTests.swift */ = {isa = PBXFileReference; lastKnownFileType = sourcecode.swift; path = SendCoinRawTransactionTests.swift; sourceTree = "<group>"; };
		FA4638FB21C7B64E001846D9 /* IssueCheckRawTransactionTests.swift */ = {isa = PBXFileReference; lastKnownFileType = sourcecode.swift; path = IssueCheckRawTransactionTests.swift; sourceTree = "<group>"; };
		FA4638FD21C7DAFC001846D9 /* RedeemCheckRawTransactionTests.swift */ = {isa = PBXFileReference; lastKnownFileType = sourcecode.swift; path = RedeemCheckRawTransactionTests.swift; sourceTree = "<group>"; };
		FA46391121CA843E001846D9 /* AccountManagerTests.swift */ = {isa = PBXFileReference; lastKnownFileType = sourcecode.swift; path = AccountManagerTests.swift; sourceTree = "<group>"; };
		FA46391321CA8CF4001846D9 /* CandidateManagerTests.swift */ = {isa = PBXFileReference; lastKnownFileType = sourcecode.swift; path = CandidateManagerTests.swift; sourceTree = "<group>"; };
		FA46391521CAA048001846D9 /* CoinManagerTests.swift */ = {isa = PBXFileReference; lastKnownFileType = sourcecode.swift; path = CoinManagerTests.swift; sourceTree = "<group>"; };
		FA46391721CB8BAB001846D9 /* StatusManagerTests.swift */ = {isa = PBXFileReference; lastKnownFileType = sourcecode.swift; path = StatusManagerTests.swift; sourceTree = "<group>"; };
		FA46391921CB8DB2001846D9 /* ManagerDefaultTests.swift */ = {isa = PBXFileReference; lastKnownFileType = sourcecode.swift; path = ManagerDefaultTests.swift; sourceTree = "<group>"; };
		FA46391B21CB8EA6001846D9 /* TransactionManagerTests.swift */ = {isa = PBXFileReference; lastKnownFileType = sourcecode.swift; path = TransactionManagerTests.swift; sourceTree = "<group>"; };
		FA46391D21CBA04A001846D9 /* ValidatorManagerTests.swift */ = {isa = PBXFileReference; lastKnownFileType = sourcecode.swift; path = ValidatorManagerTests.swift; sourceTree = "<group>"; };
		FA46391F21CBA226001846D9 /* CreateCoinRawTransactionTests.swift */ = {isa = PBXFileReference; lastKnownFileType = sourcecode.swift; path = CreateCoinRawTransactionTests.swift; sourceTree = "<group>"; };
		FA46392121CBC47F001846D9 /* DelegateRawTransactionTests.swift */ = {isa = PBXFileReference; lastKnownFileType = sourcecode.swift; path = DelegateRawTransactionTests.swift; sourceTree = "<group>"; };
		FA46392321CBCE87001846D9 /* UnbondRawTransactionTests.swift */ = {isa = PBXFileReference; lastKnownFileType = sourcecode.swift; path = UnbondRawTransactionTests.swift; sourceTree = "<group>"; };
		FA46392521CBDB48001846D9 /* DeclareCandidacyRawTransactionTests.swift */ = {isa = PBXFileReference; lastKnownFileType = sourcecode.swift; path = DeclareCandidacyRawTransactionTests.swift; sourceTree = "<group>"; };
		FA46392721CBF804001846D9 /* SetCandidateRawTransactionTests.swift */ = {isa = PBXFileReference; lastKnownFileType = sourcecode.swift; path = SetCandidateRawTransactionTests.swift; sourceTree = "<group>"; };
		FA47CCA52138209D009C3F4B /* CoinTests.swift */ = {isa = PBXFileReference; lastKnownFileType = sourcecode.swift; path = CoinTests.swift; sourceTree = "<group>"; };
		FA47CCAA21383BEA009C3F4B /* TransactionTests.swift */ = {isa = PBXFileReference; lastKnownFileType = sourcecode.swift; path = TransactionTests.swift; sourceTree = "<group>"; };
		FA47D27621397FD7001A3E2F /* RawTransactionSignerTests.swift */ = {isa = PBXFileReference; lastKnownFileType = sourcecode.swift; path = RawTransactionSignerTests.swift; sourceTree = "<group>"; };
		FA47D279213980AF001A3E2F /* StringTests.swift */ = {isa = PBXFileReference; lastKnownFileType = sourcecode.swift; path = StringTests.swift; sourceTree = "<group>"; };
		FA8027F5218C636000474A69 /* RLPTests.swift */ = {isa = PBXFileReference; lastKnownFileType = sourcecode.swift; path = RLPTests.swift; sourceTree = "<group>"; };
		FA9BE30E21402EDD002160F3 /* PrivateKeyTests.swift */ = {isa = PBXFileReference; lastKnownFileType = sourcecode.swift; path = PrivateKeyTests.swift; sourceTree = "<group>"; };
		FACB437C2179FF04004D0C53 /* MasternodeViewController.swift */ = {isa = PBXFileReference; lastKnownFileType = sourcecode.swift; path = MasternodeViewController.swift; sourceTree = "<group>"; };
		FACB437E217F2486004D0C53 /* DelegateViewController.swift */ = {isa = PBXFileReference; lastKnownFileType = sourcecode.swift; path = DelegateViewController.swift; sourceTree = "<group>"; };
		FAE621FD2410E2820040BE4C /* MultisigRawTransactionTests.swift */ = {isa = PBXFileReference; lastKnownFileType = sourcecode.swift; path = MultisigRawTransactionTests.swift; sourceTree = "<group>"; };
/* End PBXFileReference section */

/* Begin PBXFrameworksBuildPhase section */
		607FACCD1AFB9204008FA782 /* Frameworks */ = {
			isa = PBXFrameworksBuildPhase;
			buildActionMask = 2147483647;
			files = (
				A44E0E2E6FBE9017DCCB03EF /* Pods_MinterCore_Example.framework in Frameworks */,
			);
			runOnlyForDeploymentPostprocessing = 0;
		};
		607FACE21AFB9204008FA782 /* Frameworks */ = {
			isa = PBXFrameworksBuildPhase;
			buildActionMask = 2147483647;
			files = (
				10E57D7E04DA5B0A260C411F /* Pods_MinterCore_Tests.framework in Frameworks */,
			);
			runOnlyForDeploymentPostprocessing = 0;
		};
/* End PBXFrameworksBuildPhase section */

/* Begin PBXGroup section */
		607FACC71AFB9204008FA782 = {
			isa = PBXGroup;
			children = (
				607FACF51AFB993E008FA782 /* Podspec Metadata */,
				607FACD21AFB9204008FA782 /* Example for MinterCore */,
				607FACE81AFB9204008FA782 /* Tests */,
				607FACD11AFB9204008FA782 /* Products */,
				D13607FBFB3772C2554DCA6A /* Pods */,
				6DA55402ECF9BEC460A838E6 /* Frameworks */,
			);
			sourceTree = "<group>";
		};
		607FACD11AFB9204008FA782 /* Products */ = {
			isa = PBXGroup;
			children = (
				607FACD01AFB9204008FA782 /* MinterCore_Example.app */,
				607FACE51AFB9204008FA782 /* MinterCore_Tests.xctest */,
			);
			name = Products;
			sourceTree = "<group>";
		};
		607FACD21AFB9204008FA782 /* Example for MinterCore */ = {
			isa = PBXGroup;
			children = (
				FA13691721709F3200CB74BE /* Session.swift */,
				607FACD51AFB9204008FA782 /* AppDelegate.swift */,
				FA1835A3220D119900310CAF /* BaseViewController.swift */,
				FA0E82672178822400883B67 /* CheckBookViewController.swift */,
				FA13691521708F9A00CB74BE /* WalletViewController.swift */,
				FACB437C2179FF04004D0C53 /* MasternodeViewController.swift */,
				FA0E826B2179EA5600883B67 /* CoinerViewController.swift */,
				FACB437E217F2486004D0C53 /* DelegateViewController.swift */,
				607FACD71AFB9204008FA782 /* ViewController.swift */,
				607FACD91AFB9204008FA782 /* Main.storyboard */,
				607FACDC1AFB9204008FA782 /* Images.xcassets */,
				607FACDE1AFB9204008FA782 /* LaunchScreen.xib */,
				607FACD31AFB9204008FA782 /* Supporting Files */,
			);
			name = "Example for MinterCore";
			path = MinterCore;
			sourceTree = "<group>";
		};
		607FACD31AFB9204008FA782 /* Supporting Files */ = {
			isa = PBXGroup;
			children = (
				607FACD41AFB9204008FA782 /* Info.plist */,
			);
			name = "Supporting Files";
			sourceTree = "<group>";
		};
		607FACE81AFB9204008FA782 /* Tests */ = {
			isa = PBXGroup;
			children = (
				FA47D2782139809A001A3E2F /* Helper */,
				FA47D27521397FC3001A3E2F /* Manager */,
				FA47CCA421382085009C3F4B /* Model */,
				607FACEB1AFB9204008FA782 /* Tests.swift */,
				607FACE91AFB9204008FA782 /* Supporting Files */,
			);
			path = Tests;
			sourceTree = "<group>";
		};
		607FACE91AFB9204008FA782 /* Supporting Files */ = {
			isa = PBXGroup;
			children = (
				607FACEA1AFB9204008FA782 /* Info.plist */,
			);
			name = "Supporting Files";
			sourceTree = "<group>";
		};
		607FACF51AFB993E008FA782 /* Podspec Metadata */ = {
			isa = PBXGroup;
			children = (
				49C96EB7420EBD752480CF4F /* MinterCore.podspec */,
				F3135CCB8FE48DFDCBBAA5BF /* README.md */,
				D443E00DF73BE45E86780192 /* LICENSE */,
			);
			name = "Podspec Metadata";
			sourceTree = "<group>";
		};
		6DA55402ECF9BEC460A838E6 /* Frameworks */ = {
			isa = PBXGroup;
			children = (
				7CDCB773C91F4D68FC6055A3 /* Pods_MinterCore_Example.framework */,
				8D532B52B70A62D18FEC5873 /* Pods_MinterCore_Tests.framework */,
			);
			name = Frameworks;
			sourceTree = "<group>";
		};
		D13607FBFB3772C2554DCA6A /* Pods */ = {
			isa = PBXGroup;
			children = (
				D55742130B59EFAA8B1922A5 /* Pods-MinterCore_Example.debug.xcconfig */,
				4CAC886523B8AA687258A068 /* Pods-MinterCore_Example.release.xcconfig */,
				453C4C76522E6135DF002514 /* Pods-MinterCore_Tests.debug.xcconfig */,
				B8E976E3943798AB7EB31695 /* Pods-MinterCore_Tests.release.xcconfig */,
			);
			name = Pods;
			sourceTree = "<group>";
		};
		FA47CCA421382085009C3F4B /* Model */ = {
			isa = PBXGroup;
			children = (
				FA47CCA52138209D009C3F4B /* CoinTests.swift */,
				FA47CCAA21383BEA009C3F4B /* TransactionTests.swift */,
				FA2568DF213954A000D56BD4 /* TransactionDataTests.swift */,
				FA9BE30E21402EDD002160F3 /* PrivateKeyTests.swift */,
				FA101E3221BFCF1900DB1D3A /* SellCoinRawTransactionTests.swift */,
				FA101E3421BFF3F500DB1D3A /* BuyCoinRawTransactionTests.swift */,
				FA101E3721C1118600DB1D3A /* RawTransactionTests.swift */,
				FA4638F921C7A1CC001846D9 /* SendCoinRawTransactionTests.swift */,
				FA4638FB21C7B64E001846D9 /* IssueCheckRawTransactionTests.swift */,
				FA4638FD21C7DAFC001846D9 /* RedeemCheckRawTransactionTests.swift */,
				FA46391F21CBA226001846D9 /* CreateCoinRawTransactionTests.swift */,
				FA46392121CBC47F001846D9 /* DelegateRawTransactionTests.swift */,
				FA46392321CBCE87001846D9 /* UnbondRawTransactionTests.swift */,
				FA46392521CBDB48001846D9 /* DeclareCandidacyRawTransactionTests.swift */,
				FA46392721CBF804001846D9 /* SetCandidateRawTransactionTests.swift */,
				FA197B1D21EB26B600264CE6 /* EditCandidateRawTransactionTests.swift */,
				FAE621FD2410E2820040BE4C /* MultisigRawTransactionTests.swift */,
			);
			name = Model;
			sourceTree = "<group>";
		};
		FA47D27521397FC3001A3E2F /* Manager */ = {
			isa = PBXGroup;
			children = (
				FA47D27621397FD7001A3E2F /* RawTransactionSignerTests.swift */,
				FA46391121CA843E001846D9 /* AccountManagerTests.swift */,
				FA46391321CA8CF4001846D9 /* CandidateManagerTests.swift */,
				FA46391521CAA048001846D9 /* CoinManagerTests.swift */,
				FA46391721CB8BAB001846D9 /* StatusManagerTests.swift */,
				FA46391B21CB8EA6001846D9 /* TransactionManagerTests.swift */,
				FA46391D21CBA04A001846D9 /* ValidatorManagerTests.swift */,
				FA17817421F20DCE00FECDED /* BlockManagerTests.swift */,
				FA17817821F2180700FECDED /* EventManagerTests.swift */,
				FA3E6A98241EB94300C446A8 /* DeeplinkManagerTests.swift */,
			);
			name = Manager;
			sourceTree = "<group>";
		};
		FA47D2782139809A001A3E2F /* Helper */ = {
			isa = PBXGroup;
			children = (
				FA47D279213980AF001A3E2F /* StringTests.swift */,
				FA8027F5218C636000474A69 /* RLPTests.swift */,
				FA101E3921C29DAC00DB1D3A /* AddressTransformerTests.swift */,
				FA101E3B21C2A46500DB1D3A /* Base58Tests.swift */,
				FA46391921CB8DB2001846D9 /* ManagerDefaultTests.swift */,
				FA2148E1228D9A7300E54E51 /* CKMnemonicsTests.swift */,
			);
			name = Helper;
			sourceTree = "<group>";
		};
/* End PBXGroup section */

/* Begin PBXNativeTarget section */
		607FACCF1AFB9204008FA782 /* MinterCore_Example */ = {
			isa = PBXNativeTarget;
			buildConfigurationList = 607FACEF1AFB9204008FA782 /* Build configuration list for PBXNativeTarget "MinterCore_Example" */;
			buildPhases = (
				492A9912547E91D734B6B3F1 /* [CP] Check Pods Manifest.lock */,
				607FACCC1AFB9204008FA782 /* Sources */,
				607FACCD1AFB9204008FA782 /* Frameworks */,
				607FACCE1AFB9204008FA782 /* Resources */,
				49D65B495CFB4D92D2E3838E /* [CP] Embed Pods Frameworks */,
			);
			buildRules = (
			);
			dependencies = (
			);
			name = MinterCore_Example;
			productName = MinterCore;
			productReference = 607FACD01AFB9204008FA782 /* MinterCore_Example.app */;
			productType = "com.apple.product-type.application";
		};
		607FACE41AFB9204008FA782 /* MinterCore_Tests */ = {
			isa = PBXNativeTarget;
			buildConfigurationList = 607FACF21AFB9204008FA782 /* Build configuration list for PBXNativeTarget "MinterCore_Tests" */;
			buildPhases = (
				708B1DA783A4290438304B1B /* [CP] Check Pods Manifest.lock */,
				607FACE11AFB9204008FA782 /* Sources */,
				607FACE21AFB9204008FA782 /* Frameworks */,
				607FACE31AFB9204008FA782 /* Resources */,
				502A13AFDDB0587A6B66A375 /* [CP] Embed Pods Frameworks */,
			);
			buildRules = (
			);
			dependencies = (
				607FACE71AFB9204008FA782 /* PBXTargetDependency */,
			);
			name = MinterCore_Tests;
			productName = Tests;
			productReference = 607FACE51AFB9204008FA782 /* MinterCore_Tests.xctest */;
			productType = "com.apple.product-type.bundle.unit-test";
		};
/* End PBXNativeTarget section */

/* Begin PBXProject section */
		607FACC81AFB9204008FA782 /* Project object */ = {
			isa = PBXProject;
			attributes = {
				LastSwiftUpdateCheck = 0830;
				LastUpgradeCheck = 0830;
				ORGANIZATIONNAME = CocoaPods;
				TargetAttributes = {
					607FACCF1AFB9204008FA782 = {
						CreatedOnToolsVersion = 6.3.1;
						DevelopmentTeam = J2C5SYC7R8;
						LastSwiftMigration = 0900;
					};
					607FACE41AFB9204008FA782 = {
						CreatedOnToolsVersion = 6.3.1;
						DevelopmentTeam = A26H28FPZU;
						LastSwiftMigration = 0900;
						TestTargetID = 607FACCF1AFB9204008FA782;
					};
				};
			};
			buildConfigurationList = 607FACCB1AFB9204008FA782 /* Build configuration list for PBXProject "MinterCore" */;
			compatibilityVersion = "Xcode 3.2";
			developmentRegion = English;
			hasScannedForEncodings = 0;
			knownRegions = (
				English,
				en,
				Base,
			);
			mainGroup = 607FACC71AFB9204008FA782;
			productRefGroup = 607FACD11AFB9204008FA782 /* Products */;
			projectDirPath = "";
			projectRoot = "";
			targets = (
				607FACCF1AFB9204008FA782 /* MinterCore_Example */,
				607FACE41AFB9204008FA782 /* MinterCore_Tests */,
			);
		};
/* End PBXProject section */

/* Begin PBXResourcesBuildPhase section */
		607FACCE1AFB9204008FA782 /* Resources */ = {
			isa = PBXResourcesBuildPhase;
			buildActionMask = 2147483647;
			files = (
				607FACDB1AFB9204008FA782 /* Main.storyboard in Resources */,
				607FACE01AFB9204008FA782 /* LaunchScreen.xib in Resources */,
				607FACDD1AFB9204008FA782 /* Images.xcassets in Resources */,
			);
			runOnlyForDeploymentPostprocessing = 0;
		};
		607FACE31AFB9204008FA782 /* Resources */ = {
			isa = PBXResourcesBuildPhase;
			buildActionMask = 2147483647;
			files = (
			);
			runOnlyForDeploymentPostprocessing = 0;
		};
/* End PBXResourcesBuildPhase section */

/* Begin PBXShellScriptBuildPhase section */
		492A9912547E91D734B6B3F1 /* [CP] Check Pods Manifest.lock */ = {
			isa = PBXShellScriptBuildPhase;
			buildActionMask = 2147483647;
			files = (
			);
			inputPaths = (
				"${PODS_PODFILE_DIR_PATH}/Podfile.lock",
				"${PODS_ROOT}/Manifest.lock",
			);
			name = "[CP] Check Pods Manifest.lock";
			outputPaths = (
				"$(DERIVED_FILE_DIR)/Pods-MinterCore_Example-checkManifestLockResult.txt",
			);
			runOnlyForDeploymentPostprocessing = 0;
			shellPath = /bin/sh;
			shellScript = "diff \"${PODS_PODFILE_DIR_PATH}/Podfile.lock\" \"${PODS_ROOT}/Manifest.lock\" > /dev/null\nif [ $? != 0 ] ; then\n    # print error to STDERR\n    echo \"error: The sandbox is not in sync with the Podfile.lock. Run 'pod install' or update your CocoaPods installation.\" >&2\n    exit 1\nfi\n# This output is used by Xcode 'outputs' to avoid re-running this script phase.\necho \"SUCCESS\" > \"${SCRIPT_OUTPUT_FILE_0}\"\n";
			showEnvVarsInLog = 0;
		};
		49D65B495CFB4D92D2E3838E /* [CP] Embed Pods Frameworks */ = {
			isa = PBXShellScriptBuildPhase;
			buildActionMask = 2147483647;
			files = (
			);
			inputPaths = (
				"${PODS_ROOT}/Target Support Files/Pods-MinterCore_Example/Pods-MinterCore_Example-frameworks.sh",
				"${BUILT_PRODUCTS_DIR}/Alamofire/Alamofire.framework",
				"${BUILT_PRODUCTS_DIR}/BigInt/BigInt.framework",
				"${BUILT_PRODUCTS_DIR}/CryptoSwift/CryptoSwift.framework",
				"${BUILT_PRODUCTS_DIR}/MinterCore/MinterCore.framework",
				"${BUILT_PRODUCTS_DIR}/ObjectMapper/ObjectMapper.framework",
				"${BUILT_PRODUCTS_DIR}/SVProgressHUD/SVProgressHUD.framework",
				"${BUILT_PRODUCTS_DIR}/SipHash/SipHash.framework",
				"${BUILT_PRODUCTS_DIR}/secp256k1.swift/secp256k1.framework",
			);
			name = "[CP] Embed Pods Frameworks";
			outputPaths = (
				"${TARGET_BUILD_DIR}/${FRAMEWORKS_FOLDER_PATH}/Alamofire.framework",
				"${TARGET_BUILD_DIR}/${FRAMEWORKS_FOLDER_PATH}/BigInt.framework",
				"${TARGET_BUILD_DIR}/${FRAMEWORKS_FOLDER_PATH}/CryptoSwift.framework",
				"${TARGET_BUILD_DIR}/${FRAMEWORKS_FOLDER_PATH}/MinterCore.framework",
				"${TARGET_BUILD_DIR}/${FRAMEWORKS_FOLDER_PATH}/ObjectMapper.framework",
				"${TARGET_BUILD_DIR}/${FRAMEWORKS_FOLDER_PATH}/SVProgressHUD.framework",
				"${TARGET_BUILD_DIR}/${FRAMEWORKS_FOLDER_PATH}/SipHash.framework",
				"${TARGET_BUILD_DIR}/${FRAMEWORKS_FOLDER_PATH}/secp256k1.framework",
			);
			runOnlyForDeploymentPostprocessing = 0;
			shellPath = /bin/sh;
			shellScript = "\"${PODS_ROOT}/Target Support Files/Pods-MinterCore_Example/Pods-MinterCore_Example-frameworks.sh\"\n";
			showEnvVarsInLog = 0;
		};
		502A13AFDDB0587A6B66A375 /* [CP] Embed Pods Frameworks */ = {
			isa = PBXShellScriptBuildPhase;
			buildActionMask = 2147483647;
			files = (
			);
			inputPaths = (
				"${PODS_ROOT}/Target Support Files/Pods-MinterCore_Tests/Pods-MinterCore_Tests-frameworks.sh",
				"${BUILT_PRODUCTS_DIR}/Alamofire/Alamofire.framework",
				"${BUILT_PRODUCTS_DIR}/BigInt/BigInt.framework",
				"${BUILT_PRODUCTS_DIR}/CryptoSwift/CryptoSwift.framework",
				"${BUILT_PRODUCTS_DIR}/MinterCore/MinterCore.framework",
				"${BUILT_PRODUCTS_DIR}/ObjectMapper/ObjectMapper.framework",
				"${BUILT_PRODUCTS_DIR}/SipHash/SipHash.framework",
				"${BUILT_PRODUCTS_DIR}/secp256k1.swift/secp256k1.framework",
				"${BUILT_PRODUCTS_DIR}/GoldenKeystore/GoldenKeystore.framework",
				"${BUILT_PRODUCTS_DIR}/Nimble/Nimble.framework",
				"${BUILT_PRODUCTS_DIR}/Quick/Quick.framework",
				"${BUILT_PRODUCTS_DIR}/TrezorCrypto/TrezorCrypto.framework",
			);
			name = "[CP] Embed Pods Frameworks";
			outputPaths = (
				"${TARGET_BUILD_DIR}/${FRAMEWORKS_FOLDER_PATH}/Alamofire.framework",
				"${TARGET_BUILD_DIR}/${FRAMEWORKS_FOLDER_PATH}/BigInt.framework",
				"${TARGET_BUILD_DIR}/${FRAMEWORKS_FOLDER_PATH}/CryptoSwift.framework",
				"${TARGET_BUILD_DIR}/${FRAMEWORKS_FOLDER_PATH}/MinterCore.framework",
				"${TARGET_BUILD_DIR}/${FRAMEWORKS_FOLDER_PATH}/ObjectMapper.framework",
				"${TARGET_BUILD_DIR}/${FRAMEWORKS_FOLDER_PATH}/SipHash.framework",
				"${TARGET_BUILD_DIR}/${FRAMEWORKS_FOLDER_PATH}/secp256k1.framework",
				"${TARGET_BUILD_DIR}/${FRAMEWORKS_FOLDER_PATH}/GoldenKeystore.framework",
				"${TARGET_BUILD_DIR}/${FRAMEWORKS_FOLDER_PATH}/Nimble.framework",
				"${TARGET_BUILD_DIR}/${FRAMEWORKS_FOLDER_PATH}/Quick.framework",
				"${TARGET_BUILD_DIR}/${FRAMEWORKS_FOLDER_PATH}/TrezorCrypto.framework",
			);
			runOnlyForDeploymentPostprocessing = 0;
			shellPath = /bin/sh;
			shellScript = "\"${PODS_ROOT}/Target Support Files/Pods-MinterCore_Tests/Pods-MinterCore_Tests-frameworks.sh\"\n";
			showEnvVarsInLog = 0;
		};
		708B1DA783A4290438304B1B /* [CP] Check Pods Manifest.lock */ = {
			isa = PBXShellScriptBuildPhase;
			buildActionMask = 2147483647;
			files = (
			);
			inputPaths = (
				"${PODS_PODFILE_DIR_PATH}/Podfile.lock",
				"${PODS_ROOT}/Manifest.lock",
			);
			name = "[CP] Check Pods Manifest.lock";
			outputPaths = (
				"$(DERIVED_FILE_DIR)/Pods-MinterCore_Tests-checkManifestLockResult.txt",
			);
			runOnlyForDeploymentPostprocessing = 0;
			shellPath = /bin/sh;
			shellScript = "diff \"${PODS_PODFILE_DIR_PATH}/Podfile.lock\" \"${PODS_ROOT}/Manifest.lock\" > /dev/null\nif [ $? != 0 ] ; then\n    # print error to STDERR\n    echo \"error: The sandbox is not in sync with the Podfile.lock. Run 'pod install' or update your CocoaPods installation.\" >&2\n    exit 1\nfi\n# This output is used by Xcode 'outputs' to avoid re-running this script phase.\necho \"SUCCESS\" > \"${SCRIPT_OUTPUT_FILE_0}\"\n";
			showEnvVarsInLog = 0;
		};
/* End PBXShellScriptBuildPhase section */

/* Begin PBXSourcesBuildPhase section */
		607FACCC1AFB9204008FA782 /* Sources */ = {
			isa = PBXSourcesBuildPhase;
			buildActionMask = 2147483647;
			files = (
				FA0E826C2179EA5600883B67 /* CoinerViewController.swift in Sources */,
				FA13691621708F9A00CB74BE /* WalletViewController.swift in Sources */,
				607FACD81AFB9204008FA782 /* ViewController.swift in Sources */,
				FACB437F217F2486004D0C53 /* DelegateViewController.swift in Sources */,
				FA0E82682178822400883B67 /* CheckBookViewController.swift in Sources */,
				FA1835A4220D119900310CAF /* BaseViewController.swift in Sources */,
				FA13691821709F3200CB74BE /* Session.swift in Sources */,
				FACB437D2179FF04004D0C53 /* MasternodeViewController.swift in Sources */,
				607FACD61AFB9204008FA782 /* AppDelegate.swift in Sources */,
			);
			runOnlyForDeploymentPostprocessing = 0;
		};
		607FACE11AFB9204008FA782 /* Sources */ = {
			isa = PBXSourcesBuildPhase;
			buildActionMask = 2147483647;
			files = (
				FA46392421CBCE87001846D9 /* UnbondRawTransactionTests.swift in Sources */,
				FA4638FE21C7DAFC001846D9 /* RedeemCheckRawTransactionTests.swift in Sources */,
				FA101E3321BFCF1900DB1D3A /* SellCoinRawTransactionTests.swift in Sources */,
				FA101E3521BFF3F500DB1D3A /* BuyCoinRawTransactionTests.swift in Sources */,
				FA46392821CBF804001846D9 /* SetCandidateRawTransactionTests.swift in Sources */,
				FA17817521F20DCE00FECDED /* BlockManagerTests.swift in Sources */,
				FA4638FC21C7B64E001846D9 /* IssueCheckRawTransactionTests.swift in Sources */,
				FAFCC7942139437E00955258 /* TransactionTests.swift in Sources */,
				FA101E3A21C29DAC00DB1D3A /* AddressTransformerTests.swift in Sources */,
				FA47D27721397FD7001A3E2F /* RawTransactionSignerTests.swift in Sources */,
				FA2568E0213954A000D56BD4 /* TransactionDataTests.swift in Sources */,
				FA3E6A99241EB94300C446A8 /* DeeplinkManagerTests.swift in Sources */,
				FA46391E21CBA04A001846D9 /* ValidatorManagerTests.swift in Sources */,
				FA47CCA921382FC1009C3F4B /* CoinTests.swift in Sources */,
				FA46392021CBA226001846D9 /* CreateCoinRawTransactionTests.swift in Sources */,
				FA101E3C21C2A46500DB1D3A /* Base58Tests.swift in Sources */,
				FA4638FA21C7A1CC001846D9 /* SendCoinRawTransactionTests.swift in Sources */,
				FA47D27A213980AF001A3E2F /* StringTests.swift in Sources */,
				FA46392221CBC47F001846D9 /* DelegateRawTransactionTests.swift in Sources */,
				FA9BE30F21402EDD002160F3 /* PrivateKeyTests.swift in Sources */,
				FA46392621CBDB48001846D9 /* DeclareCandidacyRawTransactionTests.swift in Sources */,
				FA8027F6218C636000474A69 /* RLPTests.swift in Sources */,
				FAE621FE2410E2820040BE4C /* MultisigRawTransactionTests.swift in Sources */,
				FA46391621CAA048001846D9 /* CoinManagerTests.swift in Sources */,
				FA197B1A21EA197F00264CE6 /* Tests.swift in Sources */,
				FA197B1E21EB26B600264CE6 /* EditCandidateRawTransactionTests.swift in Sources */,
				FA101E3821C1118600DB1D3A /* RawTransactionTests.swift in Sources */,
				FA46391821CB8BAB001846D9 /* StatusManagerTests.swift in Sources */,
				FA17817921F2180700FECDED /* EventManagerTests.swift in Sources */,
				FA2148E3228DB10200E54E51 /* CKMnemonicsTests.swift in Sources */,
				FA46391221CA843E001846D9 /* AccountManagerTests.swift in Sources */,
				FA46391C21CB8EA6001846D9 /* TransactionManagerTests.swift in Sources */,
				FA46391421CA8CF4001846D9 /* CandidateManagerTests.swift in Sources */,
				FA46391A21CB8DB2001846D9 /* ManagerDefaultTests.swift in Sources */,
			);
			runOnlyForDeploymentPostprocessing = 0;
		};
/* End PBXSourcesBuildPhase section */

/* Begin PBXTargetDependency section */
		607FACE71AFB9204008FA782 /* PBXTargetDependency */ = {
			isa = PBXTargetDependency;
			target = 607FACCF1AFB9204008FA782 /* MinterCore_Example */;
			targetProxy = 607FACE61AFB9204008FA782 /* PBXContainerItemProxy */;
		};
/* End PBXTargetDependency section */

/* Begin PBXVariantGroup section */
		607FACD91AFB9204008FA782 /* Main.storyboard */ = {
			isa = PBXVariantGroup;
			children = (
				607FACDA1AFB9204008FA782 /* Base */,
			);
			name = Main.storyboard;
			sourceTree = "<group>";
		};
		607FACDE1AFB9204008FA782 /* LaunchScreen.xib */ = {
			isa = PBXVariantGroup;
			children = (
				607FACDF1AFB9204008FA782 /* Base */,
			);
			name = LaunchScreen.xib;
			sourceTree = "<group>";
		};
/* End PBXVariantGroup section */

/* Begin XCBuildConfiguration section */
		607FACED1AFB9204008FA782 /* Debug */ = {
			isa = XCBuildConfiguration;
			buildSettings = {
				ALWAYS_SEARCH_USER_PATHS = NO;
				CLANG_CXX_LANGUAGE_STANDARD = "gnu++0x";
				CLANG_CXX_LIBRARY = "libc++";
				CLANG_ENABLE_MODULES = YES;
				CLANG_ENABLE_OBJC_ARC = YES;
				CLANG_WARN_BLOCK_CAPTURE_AUTORELEASING = YES;
				CLANG_WARN_BOOL_CONVERSION = YES;
				CLANG_WARN_COMMA = YES;
				CLANG_WARN_CONSTANT_CONVERSION = YES;
				CLANG_WARN_DIRECT_OBJC_ISA_USAGE = YES_ERROR;
				CLANG_WARN_EMPTY_BODY = YES;
				CLANG_WARN_ENUM_CONVERSION = YES;
				CLANG_WARN_INFINITE_RECURSION = YES;
				CLANG_WARN_INT_CONVERSION = YES;
				CLANG_WARN_NON_LITERAL_NULL_CONVERSION = YES;
				CLANG_WARN_OBJC_LITERAL_CONVERSION = YES;
				CLANG_WARN_OBJC_ROOT_CLASS = YES_ERROR;
				CLANG_WARN_RANGE_LOOP_ANALYSIS = YES;
				CLANG_WARN_STRICT_PROTOTYPES = YES;
				CLANG_WARN_SUSPICIOUS_MOVE = YES;
				CLANG_WARN_UNREACHABLE_CODE = YES;
				CLANG_WARN__DUPLICATE_METHOD_MATCH = YES;
				"CODE_SIGN_IDENTITY[sdk=iphoneos*]" = "iPhone Developer";
				COPY_PHASE_STRIP = NO;
				DEBUG_INFORMATION_FORMAT = "dwarf-with-dsym";
				ENABLE_STRICT_OBJC_MSGSEND = YES;
				ENABLE_TESTABILITY = YES;
				GCC_C_LANGUAGE_STANDARD = gnu99;
				GCC_DYNAMIC_NO_PIC = NO;
				GCC_NO_COMMON_BLOCKS = YES;
				GCC_OPTIMIZATION_LEVEL = 0;
				GCC_PREPROCESSOR_DEFINITIONS = (
					"DEBUG=1",
					"$(inherited)",
				);
				GCC_SYMBOLS_PRIVATE_EXTERN = NO;
				GCC_WARN_64_TO_32_BIT_CONVERSION = YES;
				GCC_WARN_ABOUT_RETURN_TYPE = YES_ERROR;
				GCC_WARN_UNDECLARED_SELECTOR = YES;
				GCC_WARN_UNINITIALIZED_AUTOS = YES_AGGRESSIVE;
				GCC_WARN_UNUSED_FUNCTION = YES;
				GCC_WARN_UNUSED_VARIABLE = YES;
				IPHONEOS_DEPLOYMENT_TARGET = 9.3;
				MTL_ENABLE_DEBUG_INFO = YES;
				ONLY_ACTIVE_ARCH = YES;
				SDKROOT = iphoneos;
				SWIFT_OPTIMIZATION_LEVEL = "-Onone";
			};
			name = Debug;
		};
		607FACEE1AFB9204008FA782 /* Release */ = {
			isa = XCBuildConfiguration;
			buildSettings = {
				ALWAYS_SEARCH_USER_PATHS = NO;
				CLANG_CXX_LANGUAGE_STANDARD = "gnu++0x";
				CLANG_CXX_LIBRARY = "libc++";
				CLANG_ENABLE_MODULES = YES;
				CLANG_ENABLE_OBJC_ARC = YES;
				CLANG_WARN_BLOCK_CAPTURE_AUTORELEASING = YES;
				CLANG_WARN_BOOL_CONVERSION = YES;
				CLANG_WARN_COMMA = YES;
				CLANG_WARN_CONSTANT_CONVERSION = YES;
				CLANG_WARN_DIRECT_OBJC_ISA_USAGE = YES_ERROR;
				CLANG_WARN_EMPTY_BODY = YES;
				CLANG_WARN_ENUM_CONVERSION = YES;
				CLANG_WARN_INFINITE_RECURSION = YES;
				CLANG_WARN_INT_CONVERSION = YES;
				CLANG_WARN_NON_LITERAL_NULL_CONVERSION = YES;
				CLANG_WARN_OBJC_LITERAL_CONVERSION = YES;
				CLANG_WARN_OBJC_ROOT_CLASS = YES_ERROR;
				CLANG_WARN_RANGE_LOOP_ANALYSIS = YES;
				CLANG_WARN_STRICT_PROTOTYPES = YES;
				CLANG_WARN_SUSPICIOUS_MOVE = YES;
				CLANG_WARN_UNREACHABLE_CODE = YES;
				CLANG_WARN__DUPLICATE_METHOD_MATCH = YES;
				"CODE_SIGN_IDENTITY[sdk=iphoneos*]" = "iPhone Developer";
				COPY_PHASE_STRIP = NO;
				DEBUG_INFORMATION_FORMAT = "dwarf-with-dsym";
				ENABLE_NS_ASSERTIONS = NO;
				ENABLE_STRICT_OBJC_MSGSEND = YES;
				GCC_C_LANGUAGE_STANDARD = gnu99;
				GCC_NO_COMMON_BLOCKS = YES;
				GCC_WARN_64_TO_32_BIT_CONVERSION = YES;
				GCC_WARN_ABOUT_RETURN_TYPE = YES_ERROR;
				GCC_WARN_UNDECLARED_SELECTOR = YES;
				GCC_WARN_UNINITIALIZED_AUTOS = YES_AGGRESSIVE;
				GCC_WARN_UNUSED_FUNCTION = YES;
				GCC_WARN_UNUSED_VARIABLE = YES;
				IPHONEOS_DEPLOYMENT_TARGET = 9.3;
				MTL_ENABLE_DEBUG_INFO = NO;
				SDKROOT = iphoneos;
				SWIFT_OPTIMIZATION_LEVEL = "-Owholemodule";
				VALIDATE_PRODUCT = YES;
			};
			name = Release;
		};
		607FACF01AFB9204008FA782 /* Debug */ = {
			isa = XCBuildConfiguration;
			baseConfigurationReference = D55742130B59EFAA8B1922A5 /* Pods-MinterCore_Example.debug.xcconfig */;
			buildSettings = {
				ASSETCATALOG_COMPILER_APPICON_NAME = AppIcon;
				DEVELOPMENT_TEAM = J2C5SYC7R8;
				INFOPLIST_FILE = MinterCore/Info.plist;
				IPHONEOS_DEPLOYMENT_TARGET = 9.0;
				LD_RUNPATH_SEARCH_PATHS = "$(inherited) @executable_path/Frameworks";
				MODULE_NAME = ExampleApp;
				PRODUCT_BUNDLE_IDENTIFIER = "org.cocoapods.demo.$(PRODUCT_NAME:rfc1034identifier)";
				PRODUCT_NAME = "$(TARGET_NAME)";
				SWIFT_SWIFT3_OBJC_INFERENCE = Default;
				SWIFT_VERSION = 4.0;
			};
			name = Debug;
		};
		607FACF11AFB9204008FA782 /* Release */ = {
			isa = XCBuildConfiguration;
			baseConfigurationReference = 4CAC886523B8AA687258A068 /* Pods-MinterCore_Example.release.xcconfig */;
			buildSettings = {
				ASSETCATALOG_COMPILER_APPICON_NAME = AppIcon;
				DEVELOPMENT_TEAM = J2C5SYC7R8;
				INFOPLIST_FILE = MinterCore/Info.plist;
				IPHONEOS_DEPLOYMENT_TARGET = 9.0;
				LD_RUNPATH_SEARCH_PATHS = "$(inherited) @executable_path/Frameworks";
				MODULE_NAME = ExampleApp;
				PRODUCT_BUNDLE_IDENTIFIER = "org.cocoapods.demo.$(PRODUCT_NAME:rfc1034identifier)";
				PRODUCT_NAME = "$(TARGET_NAME)";
				SWIFT_SWIFT3_OBJC_INFERENCE = Default;
				SWIFT_VERSION = 4.0;
			};
			name = Release;
		};
		607FACF31AFB9204008FA782 /* Debug */ = {
			isa = XCBuildConfiguration;
			baseConfigurationReference = 453C4C76522E6135DF002514 /* Pods-MinterCore_Tests.debug.xcconfig */;
			buildSettings = {
				BUNDLE_LOADER = "$(TEST_HOST)";
				DEVELOPMENT_TEAM = A26H28FPZU;
				FRAMEWORK_SEARCH_PATHS = (
					"$(SDKROOT)/Developer/Library/Frameworks",
					"$(inherited)",
				);
				GCC_PREPROCESSOR_DEFINITIONS = (
					"DEBUG=1",
					"$(inherited)",
				);
				INFOPLIST_FILE = Tests/Info.plist;
				LD_RUNPATH_SEARCH_PATHS = "$(inherited) @executable_path/Frameworks @loader_path/Frameworks";
				PRODUCT_BUNDLE_IDENTIFIER = "org.cocoapods.$(PRODUCT_NAME:rfc1034identifier)";
				PRODUCT_NAME = "$(TARGET_NAME)";
				SWIFT_SWIFT3_OBJC_INFERENCE = Default;
				SWIFT_VERSION = 4.0;
				TEST_HOST = "$(BUILT_PRODUCTS_DIR)/MinterCore_Example.app/MinterCore_Example";
			};
			name = Debug;
		};
		607FACF41AFB9204008FA782 /* Release */ = {
			isa = XCBuildConfiguration;
			baseConfigurationReference = B8E976E3943798AB7EB31695 /* Pods-MinterCore_Tests.release.xcconfig */;
			buildSettings = {
				BUNDLE_LOADER = "$(TEST_HOST)";
				DEVELOPMENT_TEAM = A26H28FPZU;
				FRAMEWORK_SEARCH_PATHS = (
					"$(SDKROOT)/Developer/Library/Frameworks",
					"$(inherited)",
				);
				INFOPLIST_FILE = Tests/Info.plist;
				LD_RUNPATH_SEARCH_PATHS = "$(inherited) @executable_path/Frameworks @loader_path/Frameworks";
				PRODUCT_BUNDLE_IDENTIFIER = "org.cocoapods.$(PRODUCT_NAME:rfc1034identifier)";
				PRODUCT_NAME = "$(TARGET_NAME)";
				SWIFT_SWIFT3_OBJC_INFERENCE = Default;
				SWIFT_VERSION = 4.0;
				TEST_HOST = "$(BUILT_PRODUCTS_DIR)/MinterCore_Example.app/MinterCore_Example";
			};
			name = Release;
		};
/* End XCBuildConfiguration section */

/* Begin XCConfigurationList section */
		607FACCB1AFB9204008FA782 /* Build configuration list for PBXProject "MinterCore" */ = {
			isa = XCConfigurationList;
			buildConfigurations = (
				607FACED1AFB9204008FA782 /* Debug */,
				607FACEE1AFB9204008FA782 /* Release */,
			);
			defaultConfigurationIsVisible = 0;
			defaultConfigurationName = Release;
		};
		607FACEF1AFB9204008FA782 /* Build configuration list for PBXNativeTarget "MinterCore_Example" */ = {
			isa = XCConfigurationList;
			buildConfigurations = (
				607FACF01AFB9204008FA782 /* Debug */,
				607FACF11AFB9204008FA782 /* Release */,
			);
			defaultConfigurationIsVisible = 0;
			defaultConfigurationName = Release;
		};
		607FACF21AFB9204008FA782 /* Build configuration list for PBXNativeTarget "MinterCore_Tests" */ = {
			isa = XCConfigurationList;
			buildConfigurations = (
				607FACF31AFB9204008FA782 /* Debug */,
				607FACF41AFB9204008FA782 /* Release */,
			);
			defaultConfigurationIsVisible = 0;
			defaultConfigurationName = Release;
		};
/* End XCConfigurationList section */
	};
	rootObject = 607FACC81AFB9204008FA782 /* Project object */;
}
