PODS:
  - Alamofire (4.7.3)
  - BigInt (3.1.0):
    - SipHash (~> 1.2)
  - CryptoSwift (1.0.0)
  - GoldenKeystore (1.0.3):
    - TrezorCrypto (= 0.0.9)
  - MinterCore (1.2.0):
    - Alamofire (= 4.7.3)
    - BigInt (~> 3.0)
    - CryptoSwift (~> 1.0)
    - ObjectMapper (~> 3.1)
    - secp256k1.swift (~> 0.1)
  - Nimble (8.0.4)
  - ObjectMapper (3.5.1)
  - Quick (1.2.0)
  - secp256k1.swift (0.1.4)
  - SipHash (1.2.2)
  - SVProgressHUD (2.2.5)
  - TrezorCrypto (0.0.9)

DEPENDENCIES:
  - GoldenKeystore (from `https://github.com/sidorov-panda/GoldenKeystore`)
  - MinterCore (from `../`)
  - Nimble
  - Quick (~> 1.2.0)
  - SVProgressHUD

SPEC REPOS:
  https://github.com/CocoaPods/Specs.git:
    - Alamofire
    - BigInt
    - CryptoSwift
    - Nimble
    - ObjectMapper
    - Quick
    - secp256k1.swift
    - SipHash
    - SVProgressHUD
    - TrezorCrypto

EXTERNAL SOURCES:
  GoldenKeystore:
    :git: https://github.com/sidorov-panda/GoldenKeystore
  MinterCore:
    :path: "../"

CHECKOUT OPTIONS:
  GoldenKeystore:
    :commit: 2f58a6eb405561bec305d5a197bcaa1514eed77e
    :git: https://github.com/sidorov-panda/GoldenKeystore

SPEC CHECKSUMS:
  Alamofire: c7287b6e5d7da964a70935e5db17046b7fde6568
  BigInt: 76b5dfdfa3e2e478d4ffdf161aeede5502e2742f
  CryptoSwift: d81eeaa59dc5a8d03720fe919a6fd07b51f7439f
  GoldenKeystore: 6d176bbb332a4abb99024ebce06a3e3067c73a8a
  MinterCore: 53e1fdfd831092a8c9836644b77f47ddd1386389
  Nimble: 18d5360282923225d62b09d781f63abc1a0111fc
  ObjectMapper: 70187b8941977c62ccfb423caf6b50be405cabf0
  Quick: 58d203b1c5e27fff7229c4c1ae445ad7069a7a08
  secp256k1.swift: a7e7a214f6db6ce5db32cc6b2b45e5c4dd633634
  SipHash: fad90a4683e420c52ef28063063dbbce248ea6d4
  SVProgressHUD: 1428aafac632c1f86f62aa4243ec12008d7a51d6
  TrezorCrypto: bfeea47a052dca2c77d4a39e1e183865e52de14d

PODFILE CHECKSUM: 6f134ba2f25c789fa3015779c875e401bccca5e1

COCOAPODS: 1.9.3
