PODS:
  - Alamofire (4.7.3)
  - BigInt (3.1.0):
    - SipHash (~> 1.2)
  - CryptoSwift (0.12.0)
  - MinterCore (0.1.16):
    - Alamofire (= 4.7.3)
    - BigInt (~> 3.0)
    - CryptoSwift (~> 0.9)
    - ObjectMapper (~> 3.1)
    - secp256k1.swift (~> 0.1)
  - Nimble (7.0.3)
  - ObjectMapper (3.3.0)
  - Quick (1.2.0)
  - secp256k1.swift (0.1.4)
  - SipHash (1.2.2)
  - SVProgressHUD (2.2.5)

DEPENDENCIES:
  - MinterCore (from `../`)
  - Nimble (~> 7.0.2)
  - Quick (~> 1.2.0)
  - SVProgressHUD

SPEC REPOS:
  https://github.com/cocoapods/specs.git:
    - Alamofire
    - BigInt
    - CryptoSwift
    - Nimble
    - ObjectMapper
    - Quick
    - secp256k1.swift
    - SipHash
    - SVProgressHUD

EXTERNAL SOURCES:
  MinterCore:
    :path: "../"

SPEC CHECKSUMS:
  Alamofire: c7287b6e5d7da964a70935e5db17046b7fde6568
  BigInt: 76b5dfdfa3e2e478d4ffdf161aeede5502e2742f
  CryptoSwift: 1c07ca50843dd48bc54e6ea53d7a4dba3b645716
  MinterCore: a920582e88a405fc769c40b44355ef0fefbfdfe6
  Nimble: 7f5a9c447a33002645a071bddafbfb24ea70e0ac
  ObjectMapper: b612bf8c8e99c4dc0bb6013a51f7c27966ed5da9
  Quick: 58d203b1c5e27fff7229c4c1ae445ad7069a7a08
  secp256k1.swift: a7e7a214f6db6ce5db32cc6b2b45e5c4dd633634
  SipHash: fad90a4683e420c52ef28063063dbbce248ea6d4
  SVProgressHUD: 1428aafac632c1f86f62aa4243ec12008d7a51d6

PODFILE CHECKSUM: 196126e40f6bf59f844b38cb955bd9b51be982c4

COCOAPODS: 1.5.3
